
Microsoft Visual Studio Solution File, Format Version 12.00
# Visual Studio Version 17
VisualStudioVersion = 17.5.33627.172
MinimumVisualStudioVersion = 10.0.40219.1
Project("{FAE04EC0-301F-11D3-BF4B-00C04F79EFBC}") = "WebApp", "WebApp.csproj", "{22E64969-F828-4935-BC38-B92A7C7A6ABC}"
EndProject
Global
	GlobalSection(SolutionConfigurationPlatforms) = preSolution
		Debug|Any CPU = Debug|Any CPU
		Release|Any CPU = Release|Any CPU
	EndGlobalSection
	GlobalSection(ProjectConfigurationPlatforms) = postSolution
		{22E64969-F828-4935-BC38-B92A7C7A6ABC}.Debug|Any CPU.ActiveCfg = Debug|Any CPU
		{22E64969-F828-4935-BC38-B92A7C7A6ABC}.Debug|Any CPU.Build.0 = Debug|Any CPU
		{22E64969-F828-4935-BC38-B92A7C7A6ABC}.Release|Any CPU.ActiveCfg = Release|Any CPU
		{22E64969-F828-4935-BC38-B92A7C7A6ABC}.Release|Any CPU.Build.0 = Release|Any CPU
	EndGlobalSection
	GlobalSection(SolutionProperties) = preSolution
		HideSolutionNode = FALSE
	EndGlobalSection
	GlobalSection(ExtensibilityGlobals) = postSolution
		SolutionGuid = {161BDBAC-A213-4C4D-9420-9DEB338B6213}
	EndGlobalSection
EndGlobal
